
Microsoft Visual Studio Solution File, Format Version 12.00
# Visual Studio Version 17
VisualStudioVersion = 17.14.36127.28 d17.14
MinimumVisualStudioVersion = 10.0.40219.1
Project("{FAE04EC0-301F-11D3-BF4B-00C04F79EFBC}") = "WaveApp", "WaveApp\WaveApp.csproj", "{F6657307-5E18-493A-BA1C-24C2B3D33D64}"
EndProject
Global
	GlobalSection(SolutionConfigurationPlatforms) = preSolution
		Debug|Any CPU = Debug|Any CPU
		Release|Any CPU = Release|Any CPU
	EndGlobalSection
	GlobalSection(ProjectConfigurationPlatforms) = postSolution
		{F6657307-5E18-493A-BA1C-24C2B3D33D64}.Debug|Any CPU.ActiveCfg = Debug|Any CPU
		{F6657307-5E18-493A-BA1C-24C2B3D33D64}.Debug|Any CPU.Build.0 = Debug|Any CPU
		{F6657307-5E18-493A-BA1C-24C2B3D33D64}.Release|Any CPU.ActiveCfg = Release|Any CPU
		{F6657307-5E18-493A-BA1C-24C2B3D33D64}.Release|Any CPU.Build.0 = Release|Any CPU
	EndGlobalSection
	GlobalSection(SolutionProperties) = preSolution
		HideSolutionNode = FALSE
	EndGlobalSection
	GlobalSection(ExtensibilityGlobals) = postSolution
		SolutionGuid = {E5B7E9D9-998C-47C9-A333-8548A0A16E69}
	EndGlobalSection
EndGlobal
